
Microsoft Visual Studio Solution File, Format Version 12.00
# Visual Studio Version 17
VisualStudioVersion = 17.3.32901.215
MinimumVisualStudioVersion = 10.0.40219.1
Project("{9A19103F-16F7-4668-BE54-9A1E7A4F7556}") = "Ajax_Learn", "Ajax_Learn\Ajax_Learn.csproj", "{C3062D75-1374-4153-B279-E93E9A34F05C}"
EndProject
Project("{FAE04EC0-301F-11D3-BF4B-00C04F79EFBC}") = "Core Api_Learn", "Core Api_Learn\Core Api_Learn.csproj", "{D7CFE10E-F5A9-419D-9126-E64A7FE15FD6}"
EndProject
Global
	GlobalSection(SolutionConfigurationPlatforms) = preSolution
		Debug|Any CPU = Debug|Any CPU
		Release|Any CPU = Release|Any CPU
	EndGlobalSection
	GlobalSection(ProjectConfigurationPlatforms) = postSolution
		{C3062D75-1374-4153-B279-E93E9A34F05C}.Debug|Any CPU.ActiveCfg = Debug|Any CPU
		{C3062D75-1374-4153-B279-E93E9A34F05C}.Debug|Any CPU.Build.0 = Debug|Any CPU
		{C3062D75-1374-4153-B279-E93E9A34F05C}.Release|Any CPU.ActiveCfg = Release|Any CPU
		{C3062D75-1374-4153-B279-E93E9A34F05C}.Release|Any CPU.Build.0 = Release|Any CPU
		{D7CFE10E-F5A9-419D-9126-E64A7FE15FD6}.Debug|Any CPU.ActiveCfg = Debug|Any CPU
		{D7CFE10E-F5A9-419D-9126-E64A7FE15FD6}.Debug|Any CPU.Build.0 = Debug|Any CPU
		{D7CFE10E-F5A9-419D-9126-E64A7FE15FD6}.Release|Any CPU.ActiveCfg = Release|Any CPU
		{D7CFE10E-F5A9-419D-9126-E64A7FE15FD6}.Release|Any CPU.Build.0 = Release|Any CPU
	EndGlobalSection
	GlobalSection(SolutionProperties) = preSolution
		HideSolutionNode = FALSE
	EndGlobalSection
	GlobalSection(ExtensibilityGlobals) = postSolution
		SolutionGuid = {CAAF6CFF-A5F1-4012-B6F2-59655F991396}
	EndGlobalSection
EndGlobal
